// !$*UTF8*$!
{
	archiveVersion = 1;
	classes = {
	};
	objectVersion = 56;
	objects = {

/* Begin PBXBuildFile section */
		CE0F42362BE018AC00907102 /* EventManager.swift in Sources */ = {isa = PBXBuildFile; fileRef = CE0F42352BE018AC00907102 /* EventManager.swift */; };
		CE7AE9712BD6DBDB00B3FD1E /* SchedulifeApp.swift in Sources */ = {isa = PBXBuildFile; fileRef = CE7AE9702BD6DBDB00B3FD1E /* SchedulifeApp.swift */; };
		CE7AE9732BD6DBDB00B3FD1E /* MainView.swift in Sources */ = {isa = PBXBuildFile; fileRef = CE7AE9722BD6DBDB00B3FD1E /* MainView.swift */; };
		CE7AE9752BD6DBDE00B3FD1E /* Assets.xcassets in Resources */ = {isa = PBXBuildFile; fileRef = CE7AE9742BD6DBDE00B3FD1E /* Assets.xcassets */; };
		CE7AE9782BD6DBDE00B3FD1E /* Preview Assets.xcassets in Resources */ = {isa = PBXBuildFile; fileRef = CE7AE9772BD6DBDE00B3FD1E /* Preview Assets.xcassets */; };
		CE7AE97F2BD6E35400B3FD1E /* GoogleService-Info.plist in Resources */ = {isa = PBXBuildFile; fileRef = CE7AE97E2BD6E35300B3FD1E /* GoogleService-Info.plist */; };
		CE98F6C02BDFDB6900099206 /* FirebaseAnalyticsSwift in Frameworks */ = {isa = PBXBuildFile; productRef = CE98F6BF2BDFDB6900099206 /* FirebaseAnalyticsSwift */; };
		CE98F6C22BDFDB6900099206 /* FirebaseAuth in Frameworks */ = {isa = PBXBuildFile; productRef = CE98F6C12BDFDB6900099206 /* FirebaseAuth */; };
		CE98F6C42BDFDB6900099206 /* FirebaseFirestoreSwift in Frameworks */ = {isa = PBXBuildFile; productRef = CE98F6C32BDFDB6900099206 /* FirebaseFirestoreSwift */; };
		CEA1534B2BD9872C0038CBEB /* Habit.swift in Sources */ = {isa = PBXBuildFile; fileRef = CEA1534A2BD9872B0038CBEB /* Habit.swift */; };
		CEA153502BD98DCC0038CBEB /* HabitViewModel.swift in Sources */ = {isa = PBXBuildFile; fileRef = CEA1534F2BD98DCC0038CBEB /* HabitViewModel.swift */; };
		CEA153522BD993E90038CBEB /* Repetition.swift in Sources */ = {isa = PBXBuildFile; fileRef = CEA153512BD993E90038CBEB /* Repetition.swift */; };
		CEA153542BD994B10038CBEB /* Reminder.swift in Sources */ = {isa = PBXBuildFile; fileRef = CEA153532BD994B10038CBEB /* Reminder.swift */; };
		CEA153562BD995AC0038CBEB /* Category.swift in Sources */ = {isa = PBXBuildFile; fileRef = CEA153552BD995AC0038CBEB /* Category.swift */; };
		CEA153582BD996FA0038CBEB /* AddHabitView.swift in Sources */ = {isa = PBXBuildFile; fileRef = CEA153572BD996FA0038CBEB /* AddHabitView.swift */; };
		CEF3AC152BE6D88A00AAEDF3 /* CalendarViewModel.swift in Sources */ = {isa = PBXBuildFile; fileRef = CEF3AC142BE6D88A00AAEDF3 /* CalendarViewModel.swift */; };
/* End PBXBuildFile section */

/* Begin PBXFileReference section */
		CE0F42352BE018AC00907102 /* EventManager.swift */ = {isa = PBXFileReference; lastKnownFileType = sourcecode.swift; path = EventManager.swift; sourceTree = "<group>"; };
		CE0F42372BE022CB00907102 /* Info.plist */ = {isa = PBXFileReference; lastKnownFileType = text.plist.xml; path = Info.plist; sourceTree = "<group>"; };
		CE7AE96D2BD6DBDB00B3FD1E /* Schedulife.app */ = {isa = PBXFileReference; explicitFileType = wrapper.application; includeInIndex = 0; path = Schedulife.app; sourceTree = BUILT_PRODUCTS_DIR; };
		CE7AE9702BD6DBDB00B3FD1E /* SchedulifeApp.swift */ = {isa = PBXFileReference; lastKnownFileType = sourcecode.swift; path = SchedulifeApp.swift; sourceTree = "<group>"; };
		CE7AE9722BD6DBDB00B3FD1E /* MainView.swift */ = {isa = PBXFileReference; lastKnownFileType = sourcecode.swift; path = MainView.swift; sourceTree = "<group>"; };
		CE7AE9742BD6DBDE00B3FD1E /* Assets.xcassets */ = {isa = PBXFileReference; lastKnownFileType = folder.assetcatalog; path = Assets.xcassets; sourceTree = "<group>"; };
		CE7AE9772BD6DBDE00B3FD1E /* Preview Assets.xcassets */ = {isa = PBXFileReference; lastKnownFileType = folder.assetcatalog; path = "Preview Assets.xcassets"; sourceTree = "<group>"; };
		CE7AE97E2BD6E35300B3FD1E /* GoogleService-Info.plist */ = {isa = PBXFileReference; fileEncoding = 4; lastKnownFileType = text.plist.xml; path = "GoogleService-Info.plist"; sourceTree = "<group>"; };
		CEA1534A2BD9872B0038CBEB /* Habit.swift */ = {isa = PBXFileReference; lastKnownFileType = sourcecode.swift; path = Habit.swift; sourceTree = "<group>"; };
		CEA1534F2BD98DCC0038CBEB /* HabitViewModel.swift */ = {isa = PBXFileReference; lastKnownFileType = sourcecode.swift; path = HabitViewModel.swift; sourceTree = "<group>"; };
		CEA153512BD993E90038CBEB /* Repetition.swift */ = {isa = PBXFileReference; lastKnownFileType = sourcecode.swift; path = Repetition.swift; sourceTree = "<group>"; };
		CEA153532BD994B10038CBEB /* Reminder.swift */ = {isa = PBXFileReference; lastKnownFileType = sourcecode.swift; path = Reminder.swift; sourceTree = "<group>"; };
		CEA153552BD995AC0038CBEB /* Category.swift */ = {isa = PBXFileReference; lastKnownFileType = sourcecode.swift; path = Category.swift; sourceTree = "<group>"; };
		CEA153572BD996FA0038CBEB /* AddHabitView.swift */ = {isa = PBXFileReference; lastKnownFileType = sourcecode.swift; path = AddHabitView.swift; sourceTree = "<group>"; };
		CEF3AC142BE6D88A00AAEDF3 /* CalendarViewModel.swift */ = {isa = PBXFileReference; lastKnownFileType = sourcecode.swift; path = CalendarViewModel.swift; sourceTree = "<group>"; };
/* End PBXFileReference section */

/* Begin PBXFrameworksBuildPhase section */
		CE7AE96A2BD6DBDB00B3FD1E /* Frameworks */ = {
			isa = PBXFrameworksBuildPhase;
			buildActionMask = 2147483647;
			files = (
				CE98F6C02BDFDB6900099206 /* FirebaseAnalyticsSwift in Frameworks */,
				CE98F6C22BDFDB6900099206 /* FirebaseAuth in Frameworks */,
				CE98F6C42BDFDB6900099206 /* FirebaseFirestoreSwift in Frameworks */,
			);
			runOnlyForDeploymentPostprocessing = 0;
		};
/* End PBXFrameworksBuildPhase section */

/* Begin PBXGroup section */
		CE0F42342BE0186C00907102 /* EventsAndPermissions */ = {
			isa = PBXGroup;
			children = (
				CE0F42352BE018AC00907102 /* EventManager.swift */,
			);
			path = EventsAndPermissions;
			sourceTree = "<group>";
		};
		CE0F42422BE03E5500907102 /* Frameworks */ = {
			isa = PBXGroup;
			children = (
			);
			name = Frameworks;
			sourceTree = "<group>";
		};
		CE7AE9642BD6DBDB00B3FD1E = {
			isa = PBXGroup;
			children = (
				CE0F42372BE022CB00907102 /* Info.plist */,
				CE7AE96F2BD6DBDB00B3FD1E /* Schedulife */,
				CE7AE96E2BD6DBDB00B3FD1E /* Products */,
				CE0F42422BE03E5500907102 /* Frameworks */,
			);
			sourceTree = "<group>";
		};
		CE7AE96E2BD6DBDB00B3FD1E /* Products */ = {
			isa = PBXGroup;
			children = (
				CE7AE96D2BD6DBDB00B3FD1E /* Schedulife.app */,
			);
			name = Products;
			sourceTree = "<group>";
		};
		CE7AE96F2BD6DBDB00B3FD1E /* Schedulife */ = {
			isa = PBXGroup;
			children = (
				CE7AE9702BD6DBDB00B3FD1E /* SchedulifeApp.swift */,
				CE0F42342BE0186C00907102 /* EventsAndPermissions */,
				CEA153492BD96E120038CBEB /* ViewModels */,
				CEA153482BD96E070038CBEB /* Models */,
				CEA153472BD96DFA0038CBEB /* Views */,
				CE7AE9742BD6DBDE00B3FD1E /* Assets.xcassets */,
				CE7AE97E2BD6E35300B3FD1E /* GoogleService-Info.plist */,
				CE7AE9762BD6DBDE00B3FD1E /* Preview Content */,
			);
			path = Schedulife;
			sourceTree = "<group>";
		};
		CE7AE9762BD6DBDE00B3FD1E /* Preview Content */ = {
			isa = PBXGroup;
			children = (
				CE7AE9772BD6DBDE00B3FD1E /* Preview Assets.xcassets */,
			);
			path = "Preview Content";
			sourceTree = "<group>";
		};
		CEA153472BD96DFA0038CBEB /* Views */ = {
			isa = PBXGroup;
			children = (
				CE7AE9722BD6DBDB00B3FD1E /* MainView.swift */,
				CEA153572BD996FA0038CBEB /* AddHabitView.swift */,
			);
			path = Views;
			sourceTree = "<group>";
		};
		CEA153482BD96E070038CBEB /* Models */ = {
			isa = PBXGroup;
			children = (
				CEA1534A2BD9872B0038CBEB /* Habit.swift */,
				CEA153512BD993E90038CBEB /* Repetition.swift */,
				CEA153532BD994B10038CBEB /* Reminder.swift */,
				CEA153552BD995AC0038CBEB /* Category.swift */,
			);
			path = Models;
			sourceTree = "<group>";
		};
		CEA153492BD96E120038CBEB /* ViewModels */ = {
			isa = PBXGroup;
			children = (
				CEA1534F2BD98DCC0038CBEB /* HabitViewModel.swift */,
				CEF3AC142BE6D88A00AAEDF3 /* CalendarViewModel.swift */,
			);
			path = ViewModels;
			sourceTree = "<group>";
		};
/* End PBXGroup section */

/* Begin PBXNativeTarget section */
		CE7AE96C2BD6DBDB00B3FD1E /* Schedulife */ = {
			isa = PBXNativeTarget;
			buildConfigurationList = CE7AE97B2BD6DBDE00B3FD1E /* Build configuration list for PBXNativeTarget "Schedulife" */;
			buildPhases = (
				CE7AE9692BD6DBDB00B3FD1E /* Sources */,
				CE7AE96A2BD6DBDB00B3FD1E /* Frameworks */,
				CE7AE96B2BD6DBDB00B3FD1E /* Resources */,
			);
			buildRules = (
			);
			dependencies = (
			);
			name = Schedulife;
			packageProductDependencies = (
				CE98F6BF2BDFDB6900099206 /* FirebaseAnalyticsSwift */,
				CE98F6C12BDFDB6900099206 /* FirebaseAuth */,
				CE98F6C32BDFDB6900099206 /* FirebaseFirestoreSwift */,
			);
			productName = Schedulife;
			productReference = CE7AE96D2BD6DBDB00B3FD1E /* Schedulife.app */;
			productType = "com.apple.product-type.application";
		};
/* End PBXNativeTarget section */

/* Begin PBXProject section */
		CE7AE9652BD6DBDB00B3FD1E /* Project object */ = {
			isa = PBXProject;
			attributes = {
				BuildIndependentTargetsInParallel = 1;
				LastSwiftUpdateCheck = 1530;
				LastUpgradeCheck = 1530;
				TargetAttributes = {
					CE7AE96C2BD6DBDB00B3FD1E = {
						CreatedOnToolsVersion = 15.3;
					};
				};
			};
			buildConfigurationList = CE7AE9682BD6DBDB00B3FD1E /* Build configuration list for PBXProject "Schedulife" */;
			compatibilityVersion = "Xcode 14.0";
			developmentRegion = en;
			hasScannedForEncodings = 0;
			knownRegions = (
				en,
				Base,
			);
			mainGroup = CE7AE9642BD6DBDB00B3FD1E;
			packageReferences = (
				CE98F6BE2BDFDB6900099206 /* XCRemoteSwiftPackageReference "firebase-ios-sdk" */,
				CE0F42392BE02DD500907102 /* XCRemoteSwiftPackageReference "JTAppleCalendar" */,
			);
			productRefGroup = CE7AE96E2BD6DBDB00B3FD1E /* Products */;
			projectDirPath = "";
			projectRoot = "";
			targets = (
				CE7AE96C2BD6DBDB00B3FD1E /* Schedulife */,
			);
		};
/* End PBXProject section */

/* Begin PBXResourcesBuildPhase section */
		CE7AE96B2BD6DBDB00B3FD1E /* Resources */ = {
			isa = PBXResourcesBuildPhase;
			buildActionMask = 2147483647;
			files = (
				CE7AE9782BD6DBDE00B3FD1E /* Preview Assets.xcassets in Resources */,
				CE7AE9752BD6DBDE00B3FD1E /* Assets.xcassets in Resources */,
				CE7AE97F2BD6E35400B3FD1E /* GoogleService-Info.plist in Resources */,
			);
			runOnlyForDeploymentPostprocessing = 0;
		};
/* End PBXResourcesBuildPhase section */

/* Begin PBXSourcesBuildPhase section */
		CE7AE9692BD6DBDB00B3FD1E /* Sources */ = {
			isa = PBXSourcesBuildPhase;
			buildActionMask = 2147483647;
			files = (
				CE0F42362BE018AC00907102 /* EventManager.swift in Sources */,
				CEA153542BD994B10038CBEB /* Reminder.swift in Sources */,
				CEA1534B2BD9872C0038CBEB /* Habit.swift in Sources */,
				CEA153522BD993E90038CBEB /* Repetition.swift in Sources */,
				CEF3AC152BE6D88A00AAEDF3 /* CalendarViewModel.swift in Sources */,
				CEA153502BD98DCC0038CBEB /* HabitViewModel.swift in Sources */,
				CEA153582BD996FA0038CBEB /* AddHabitView.swift in Sources */,
				CE7AE9732BD6DBDB00B3FD1E /* MainView.swift in Sources */,
				CE7AE9712BD6DBDB00B3FD1E /* SchedulifeApp.swift in Sources */,
				CEA153562BD995AC0038CBEB /* Category.swift in Sources */,
			);
			runOnlyForDeploymentPostprocessing = 0;
		};
/* End PBXSourcesBuildPhase section */

/* Begin XCBuildConfiguration section */
		CE7AE9792BD6DBDE00B3FD1E /* Debug */ = {
			isa = XCBuildConfiguration;
			buildSettings = {
				ALWAYS_SEARCH_USER_PATHS = NO;
				ASSETCATALOG_COMPILER_GENERATE_SWIFT_ASSET_SYMBOL_EXTENSIONS = YES;
				CLANG_ANALYZER_NONNULL = YES;
				CLANG_ANALYZER_NUMBER_OBJECT_CONVERSION = YES_AGGRESSIVE;
				CLANG_CXX_LANGUAGE_STANDARD = "gnu++20";
				CLANG_ENABLE_MODULES = YES;
				CLANG_ENABLE_OBJC_ARC = YES;
				CLANG_ENABLE_OBJC_WEAK = YES;
				CLANG_WARN_BLOCK_CAPTURE_AUTORELEASING = YES;
				CLANG_WARN_BOOL_CONVERSION = YES;
				CLANG_WARN_COMMA = YES;
				CLANG_WARN_CONSTANT_CONVERSION = YES;
				CLANG_WARN_DEPRECATED_OBJC_IMPLEMENTATIONS = YES;
				CLANG_WARN_DIRECT_OBJC_ISA_USAGE = YES_ERROR;
				CLANG_WARN_DOCUMENTATION_COMMENTS = YES;
				CLANG_WARN_EMPTY_BODY = YES;
				CLANG_WARN_ENUM_CONVERSION = YES;
				CLANG_WARN_INFINITE_RECURSION = YES;
				CLANG_WARN_INT_CONVERSION = YES;
				CLANG_WARN_NON_LITERAL_NULL_CONVERSION = YES;
				CLANG_WARN_OBJC_IMPLICIT_RETAIN_SELF = YES;
				CLANG_WARN_OBJC_LITERAL_CONVERSION = YES;
				CLANG_WARN_OBJC_ROOT_CLASS = YES_ERROR;
				CLANG_WARN_QUOTED_INCLUDE_IN_FRAMEWORK_HEADER = YES;
				CLANG_WARN_RANGE_LOOP_ANALYSIS = YES;
				CLANG_WARN_STRICT_PROTOTYPES = YES;
				CLANG_WARN_SUSPICIOUS_MOVE = YES;
				CLANG_WARN_UNGUARDED_AVAILABILITY = YES_AGGRESSIVE;
				CLANG_WARN_UNREACHABLE_CODE = YES;
				CLANG_WARN__DUPLICATE_METHOD_MATCH = YES;
				COPY_PHASE_STRIP = NO;
				DEBUG_INFORMATION_FORMAT = dwarf;
				ENABLE_STRICT_OBJC_MSGSEND = YES;
				ENABLE_TESTABILITY = YES;
				ENABLE_USER_SCRIPT_SANDBOXING = YES;
				GCC_C_LANGUAGE_STANDARD = gnu17;
				GCC_DYNAMIC_NO_PIC = NO;
				GCC_NO_COMMON_BLOCKS = YES;
				GCC_OPTIMIZATION_LEVEL = 0;
				GCC_PREPROCESSOR_DEFINITIONS = (
					"DEBUG=1",
					"$(inherited)",
				);
				GCC_WARN_64_TO_32_BIT_CONVERSION = YES;
				GCC_WARN_ABOUT_RETURN_TYPE = YES_ERROR;
				GCC_WARN_UNDECLARED_SELECTOR = YES;
				GCC_WARN_UNINITIALIZED_AUTOS = YES_AGGRESSIVE;
				GCC_WARN_UNUSED_FUNCTION = YES;
				GCC_WARN_UNUSED_VARIABLE = YES;
				IPHONEOS_DEPLOYMENT_TARGET = 17.4;
				LOCALIZATION_PREFERS_STRING_CATALOGS = YES;
				MTL_ENABLE_DEBUG_INFO = INCLUDE_SOURCE;
				MTL_FAST_MATH = YES;
				ONLY_ACTIVE_ARCH = YES;
				SDKROOT = iphoneos;
				SWIFT_ACTIVE_COMPILATION_CONDITIONS = "DEBUG $(inherited)";
				SWIFT_OPTIMIZATION_LEVEL = "-Onone";
			};
			name = Debug;
		};
		CE7AE97A2BD6DBDE00B3FD1E /* Release */ = {
			isa = XCBuildConfiguration;
			buildSettings = {
				ALWAYS_SEARCH_USER_PATHS = NO;
				ASSETCATALOG_COMPILER_GENERATE_SWIFT_ASSET_SYMBOL_EXTENSIONS = YES;
				CLANG_ANALYZER_NONNULL = YES;
				CLANG_ANALYZER_NUMBER_OBJECT_CONVERSION = YES_AGGRESSIVE;
				CLANG_CXX_LANGUAGE_STANDARD = "gnu++20";
				CLANG_ENABLE_MODULES = YES;
				CLANG_ENABLE_OBJC_ARC = YES;
				CLANG_ENABLE_OBJC_WEAK = YES;
				CLANG_WARN_BLOCK_CAPTURE_AUTORELEASING = YES;
				CLANG_WARN_BOOL_CONVERSION = YES;
				CLANG_WARN_COMMA = YES;
				CLANG_WARN_CONSTANT_CONVERSION = YES;
				CLANG_WARN_DEPRECATED_OBJC_IMPLEMENTATIONS = YES;
				CLANG_WARN_DIRECT_OBJC_ISA_USAGE = YES_ERROR;
				CLANG_WARN_DOCUMENTATION_COMMENTS = YES;
				CLANG_WARN_EMPTY_BODY = YES;
				CLANG_WARN_ENUM_CONVERSION = YES;
				CLANG_WARN_INFINITE_RECURSION = YES;
				CLANG_WARN_INT_CONVERSION = YES;
				CLANG_WARN_NON_LITERAL_NULL_CONVERSION = YES;
				CLANG_WARN_OBJC_IMPLICIT_RETAIN_SELF = YES;
				CLANG_WARN_OBJC_LITERAL_CONVERSION = YES;
				CLANG_WARN_OBJC_ROOT_CLASS = YES_ERROR;
				CLANG_WARN_QUOTED_INCLUDE_IN_FRAMEWORK_HEADER = YES;
				CLANG_WARN_RANGE_LOOP_ANALYSIS = YES;
				CLANG_WARN_STRICT_PROTOTYPES = YES;
				CLANG_WARN_SUSPICIOUS_MOVE = YES;
				CLANG_WARN_UNGUARDED_AVAILABILITY = YES_AGGRESSIVE;
				CLANG_WARN_UNREACHABLE_CODE = YES;
				CLANG_WARN__DUPLICATE_METHOD_MATCH = YES;
				COPY_PHASE_STRIP = NO;
				DEBUG_INFORMATION_FORMAT = "dwarf-with-dsym";
				ENABLE_NS_ASSERTIONS = NO;
				ENABLE_STRICT_OBJC_MSGSEND = YES;
				ENABLE_USER_SCRIPT_SANDBOXING = YES;
				GCC_C_LANGUAGE_STANDARD = gnu17;
				GCC_NO_COMMON_BLOCKS = YES;
				GCC_WARN_64_TO_32_BIT_CONVERSION = YES;
				GCC_WARN_ABOUT_RETURN_TYPE = YES_ERROR;
				GCC_WARN_UNDECLARED_SELECTOR = YES;
				GCC_WARN_UNINITIALIZED_AUTOS = YES_AGGRESSIVE;
				GCC_WARN_UNUSED_FUNCTION = YES;
				GCC_WARN_UNUSED_VARIABLE = YES;
				IPHONEOS_DEPLOYMENT_TARGET = 17.4;
				LOCALIZATION_PREFERS_STRING_CATALOGS = YES;
				MTL_ENABLE_DEBUG_INFO = NO;
				MTL_FAST_MATH = YES;
				SDKROOT = iphoneos;
				SWIFT_COMPILATION_MODE = wholemodule;
				VALIDATE_PRODUCT = YES;
			};
			name = Release;
		};
		CE7AE97C2BD6DBDE00B3FD1E /* Debug */ = {
			isa = XCBuildConfiguration;
			buildSettings = {
				ASSETCATALOG_COMPILER_APPICON_NAME = AppIcon;
				ASSETCATALOG_COMPILER_GLOBAL_ACCENT_COLOR_NAME = AccentColor;
				CLANG_ADDRESS_SANITIZER_CONTAINER_OVERFLOW = YES;
				CODE_SIGN_STYLE = Automatic;
				CURRENT_PROJECT_VERSION = 1;
				DEVELOPMENT_ASSET_PATHS = "\"Schedulife/Preview Content\"";
				DEVELOPMENT_TEAM = 4X32RPLAW2;
				ENABLE_PREVIEWS = YES;
				GENERATE_INFOPLIST_FILE = YES;
				INFOPLIST_FILE = Info.plist;
				INFOPLIST_KEY_UIApplicationSceneManifest_Generation = YES;
				INFOPLIST_KEY_UIApplicationSupportsIndirectInputEvents = YES;
				INFOPLIST_KEY_UILaunchScreen_Generation = YES;
				INFOPLIST_KEY_UISupportedInterfaceOrientations_iPad = "UIInterfaceOrientationPortrait UIInterfaceOrientationPortraitUpsideDown UIInterfaceOrientationLandscapeLeft UIInterfaceOrientationLandscapeRight";
				INFOPLIST_KEY_UISupportedInterfaceOrientations_iPhone = "UIInterfaceOrientationPortrait UIInterfaceOrientationLandscapeLeft UIInterfaceOrientationLandscapeRight";
				LD_RUNPATH_SEARCH_PATHS = (
					"$(inherited)",
					"@executable_path/Frameworks",
				);
				MARKETING_VERSION = 1.0;
				PRODUCT_BUNDLE_IDENTIFIER = com.OskarLovstrand.Schedulife;
				PRODUCT_NAME = "$(TARGET_NAME)";
				SWIFT_EMIT_LOC_STRINGS = YES;
				SWIFT_VERSION = 5.0;
				TARGETED_DEVICE_FAMILY = "1,2";
			};
			name = Debug;
		};
		CE7AE97D2BD6DBDE00B3FD1E /* Release */ = {
			isa = XCBuildConfiguration;
			buildSettings = {
				ASSETCATALOG_COMPILER_APPICON_NAME = AppIcon;
				ASSETCATALOG_COMPILER_GLOBAL_ACCENT_COLOR_NAME = AccentColor;
				CLANG_ADDRESS_SANITIZER_CONTAINER_OVERFLOW = YES;
				CODE_SIGN_STYLE = Automatic;
				CURRENT_PROJECT_VERSION = 1;
				DEVELOPMENT_ASSET_PATHS = "\"Schedulife/Preview Content\"";
				DEVELOPMENT_TEAM = 4X32RPLAW2;
				ENABLE_PREVIEWS = YES;
				GENERATE_INFOPLIST_FILE = YES;
				INFOPLIST_FILE = Info.plist;
				INFOPLIST_KEY_UIApplicationSceneManifest_Generation = YES;
				INFOPLIST_KEY_UIApplicationSupportsIndirectInputEvents = YES;
				INFOPLIST_KEY_UILaunchScreen_Generation = YES;
				INFOPLIST_KEY_UISupportedInterfaceOrientations_iPad = "UIInterfaceOrientationPortrait UIInterfaceOrientationPortraitUpsideDown UIInterfaceOrientationLandscapeLeft UIInterfaceOrientationLandscapeRight";
				INFOPLIST_KEY_UISupportedInterfaceOrientations_iPhone = "UIInterfaceOrientationPortrait UIInterfaceOrientationLandscapeLeft UIInterfaceOrientationLandscapeRight";
				LD_RUNPATH_SEARCH_PATHS = (
					"$(inherited)",
					"@executable_path/Frameworks",
				);
				MARKETING_VERSION = 1.0;
				PRODUCT_BUNDLE_IDENTIFIER = com.OskarLovstrand.Schedulife;
				PRODUCT_NAME = "$(TARGET_NAME)";
				SWIFT_EMIT_LOC_STRINGS = YES;
				SWIFT_VERSION = 5.0;
				TARGETED_DEVICE_FAMILY = "1,2";
			};
			name = Release;
		};
/* End XCBuildConfiguration section */

/* Begin XCConfigurationList section */
		CE7AE9682BD6DBDB00B3FD1E /* Build configuration list for PBXProject "Schedulife" */ = {
			isa = XCConfigurationList;
			buildConfigurations = (
				CE7AE9792BD6DBDE00B3FD1E /* Debug */,
				CE7AE97A2BD6DBDE00B3FD1E /* Release */,
			);
			defaultConfigurationIsVisible = 0;
			defaultConfigurationName = Release;
		};
		CE7AE97B2BD6DBDE00B3FD1E /* Build configuration list for PBXNativeTarget "Schedulife" */ = {
			isa = XCConfigurationList;
			buildConfigurations = (
				CE7AE97C2BD6DBDE00B3FD1E /* Debug */,
				CE7AE97D2BD6DBDE00B3FD1E /* Release */,
			);
			defaultConfigurationIsVisible = 0;
			defaultConfigurationName = Release;
		};
/* End XCConfigurationList section */

/* Begin XCRemoteSwiftPackageReference section */
		CE0F42392BE02DD500907102 /* XCRemoteSwiftPackageReference "JTAppleCalendar" */ = {
			isa = XCRemoteSwiftPackageReference;
			repositoryURL = "https://github.com/patchthecode/JTAppleCalendar.git";
			requirement = {
				kind = upToNextMajorVersion;
				minimumVersion = 8.0.5;
			};
		};
		CE98F6BE2BDFDB6900099206 /* XCRemoteSwiftPackageReference "firebase-ios-sdk" */ = {
			isa = XCRemoteSwiftPackageReference;
			repositoryURL = "https://github.com/firebase/firebase-ios-sdk";
			requirement = {
				kind = upToNextMajorVersion;
				minimumVersion = 10.24.0;
			};
		};
/* End XCRemoteSwiftPackageReference section */

/* Begin XCSwiftPackageProductDependency section */
		CE98F6BF2BDFDB6900099206 /* FirebaseAnalyticsSwift */ = {
			isa = XCSwiftPackageProductDependency;
			package = CE98F6BE2BDFDB6900099206 /* XCRemoteSwiftPackageReference "firebase-ios-sdk" */;
			productName = FirebaseAnalyticsSwift;
		};
		CE98F6C12BDFDB6900099206 /* FirebaseAuth */ = {
			isa = XCSwiftPackageProductDependency;
			package = CE98F6BE2BDFDB6900099206 /* XCRemoteSwiftPackageReference "firebase-ios-sdk" */;
			productName = FirebaseAuth;
		};
		CE98F6C32BDFDB6900099206 /* FirebaseFirestoreSwift */ = {
			isa = XCSwiftPackageProductDependency;
			package = CE98F6BE2BDFDB6900099206 /* XCRemoteSwiftPackageReference "firebase-ios-sdk" */;
			productName = FirebaseFirestoreSwift;
		};
/* End XCSwiftPackageProductDependency section */
	};
	rootObject = CE7AE9652BD6DBDB00B3FD1E /* Project object */;
}
